
Microsoft Visual Studio Solution File, Format Version 12.00
# Visual Studio Version 17
VisualStudioVersion = 17.8.34525.116
MinimumVisualStudioVersion = 10.0.40219.1
Project("{FAE04EC0-301F-11D3-BF4B-00C04F79EFBC}") = "lab3_perelygin", "lab3_perelygin\lab3_perelygin.csproj", "{8C3E9D3C-757C-4758-86D4-D34C4D869FDD}"
EndProject
Global
	GlobalSection(SolutionConfigurationPlatforms) = preSolution
		Debug|Any CPU = Debug|Any CPU
		Release|Any CPU = Release|Any CPU
	EndGlobalSection
	GlobalSection(ProjectConfigurationPlatforms) = postSolution
		{8C3E9D3C-757C-4758-86D4-D34C4D869FDD}.Debug|Any CPU.ActiveCfg = Debug|Any CPU
		{8C3E9D3C-757C-4758-86D4-D34C4D869FDD}.Debug|Any CPU.Build.0 = Debug|Any CPU
		{8C3E9D3C-757C-4758-86D4-D34C4D869FDD}.Release|Any CPU.ActiveCfg = Release|Any CPU
		{8C3E9D3C-757C-4758-86D4-D34C4D869FDD}.Release|Any CPU.Build.0 = Release|Any CPU
	EndGlobalSection
	GlobalSection(SolutionProperties) = preSolution
		HideSolutionNode = FALSE
	EndGlobalSection
	GlobalSection(ExtensibilityGlobals) = postSolution
		SolutionGuid = {7B2B32B9-556B-45F1-84A9-B39C6619E42C}
	EndGlobalSection
EndGlobal
